
Microsoft Visual Studio Solution File, Format Version 12.00
# Visual Studio Version 17
VisualStudioVersion = 17.5.002.0
MinimumVisualStudioVersion = 10.0.40219.1
Project("{9A19103F-16F7-4668-BE54-9A1E7A4F7556}") = "Atividade", "Atividade.csproj", "{DCFC3413-033F-469D-888C-B3BAB3A4D76B}"
EndProject
Global
	GlobalSection(SolutionConfigurationPlatforms) = preSolution
		Debug|Any CPU = Debug|Any CPU
		Release|Any CPU = Release|Any CPU
	EndGlobalSection
	GlobalSection(ProjectConfigurationPlatforms) = postSolution
		{DCFC3413-033F-469D-888C-B3BAB3A4D76B}.Debug|Any CPU.ActiveCfg = Debug|Any CPU
		{DCFC3413-033F-469D-888C-B3BAB3A4D76B}.Debug|Any CPU.Build.0 = Debug|Any CPU
		{DCFC3413-033F-469D-888C-B3BAB3A4D76B}.Release|Any CPU.ActiveCfg = Release|Any CPU
		{DCFC3413-033F-469D-888C-B3BAB3A4D76B}.Release|Any CPU.Build.0 = Release|Any CPU
	EndGlobalSection
	GlobalSection(SolutionProperties) = preSolution
		HideSolutionNode = FALSE
	EndGlobalSection
	GlobalSection(ExtensibilityGlobals) = postSolution
		SolutionGuid = {4ADF3CF4-445D-49E7-9121-1264B2C791D1}
	EndGlobalSection
EndGlobal
